// !$*UTF8*$!
{
	archiveVersion = 1;
	classes = {
	};
	objectVersion = 77;
	objects = {

/* Begin PBXContainerItemProxy section */
		5BBA95372E9440CF00C202F9 /* PBXContainerItemProxy */ = {
			isa = PBXContainerItemProxy;
			containerPortal = 5BBA95202E9440CD00C202F9 /* Project object */;
			proxyType = 1;
			remoteGlobalIDString = 5BBA95272E9440CD00C202F9;
			remoteInfo = desktop_ios;
		};
		5BBA95412E9440CF00C202F9 /* PBXContainerItemProxy */ = {
			isa = PBXContainerItemProxy;
			containerPortal = 5BBA95202E9440CD00C202F9 /* Project object */;
			proxyType = 1;
			remoteGlobalIDString = 5BBA95272E9440CD00C202F9;
			remoteInfo = desktop_ios;
		};
/* End PBXContainerItemProxy section */

/* Begin PBXFileReference section */
		5BBA95282E9440CD00C202F9 /* desktop_ios.app */ = {isa = PBXFileReference; explicitFileType = wrapper.application; includeInIndex = 0; path = desktop_ios.app; sourceTree = BUILT_PRODUCTS_DIR; };
		5BBA95362E9440CF00C202F9 /* desktop_iosTests.xctest */ = {isa = PBXFileReference; explicitFileType = wrapper.cfbundle; includeInIndex = 0; path = desktop_iosTests.xctest; sourceTree = BUILT_PRODUCTS_DIR; };
		5BBA95402E9440CF00C202F9 /* desktop_iosUITests.xctest */ = {isa = PBXFileReference; explicitFileType = wrapper.cfbundle; includeInIndex = 0; path = desktop_iosUITests.xctest; sourceTree = BUILT_PRODUCTS_DIR; };
/* End PBXFileReference section */

/* Begin PBXFileSystemSynchronizedRootGroup section */
		5BBA952A2E9440CD00C202F9 /* desktop_ios */ = {
			isa = PBXFileSystemSynchronizedRootGroup;
			path = desktop_ios;
			sourceTree = "<group>";
		};
		5BBA95392E9440CF00C202F9 /* desktop_iosTests */ = {
			isa = PBXFileSystemSynchronizedRootGroup;
			path = desktop_iosTests;
			sourceTree = "<group>";
		};
		5BBA95432E9440CF00C202F9 /* desktop_iosUITests */ = {
			isa = PBXFileSystemSynchronizedRootGroup;
			path = desktop_iosUITests;
			sourceTree = "<group>";
		};
/* End PBXFileSystemSynchronizedRootGroup section */

/* Begin PBXFrameworksBuildPhase section */
		5BBA95252E9440CD00C202F9 /* Frameworks */ = {
			isa = PBXFrameworksBuildPhase;
			buildActionMask = 2147483647;
			files = (
			);
			runOnlyForDeploymentPostprocessing = 0;
		};
		5BBA95332E9440CF00C202F9 /* Frameworks */ = {
			isa = PBXFrameworksBuildPhase;
			buildActionMask = 2147483647;
			files = (
			);
			runOnlyForDeploymentPostprocessing = 0;
		};
		5BBA953D2E9440CF00C202F9 /* Frameworks */ = {
			isa = PBXFrameworksBuildPhase;
			buildActionMask = 2147483647;
			files = (
			);
			runOnlyForDeploymentPostprocessing = 0;
		};
/* End PBXFrameworksBuildPhase section */

/* Begin PBXGroup section */
		5BBA951F2E9440CD00C202F9 = {
			isa = PBXGroup;
			children = (
				5BBA952A2E9440CD00C202F9 /* desktop_ios */,
				5BBA95392E9440CF00C202F9 /* desktop_iosTests */,
				5BBA95432E9440CF00C202F9 /* desktop_iosUITests */,
				5BBA95292E9440CD00C202F9 /* Products */,
			);
			sourceTree = "<group>";
		};
		5BBA95292E9440CD00C202F9 /* Products */ = {
			isa = PBXGroup;
			children = (
				5BBA95282E9440CD00C202F9 /* desktop_ios.app */,
				5BBA95362E9440CF00C202F9 /* desktop_iosTests.xctest */,
				5BBA95402E9440CF00C202F9 /* desktop_iosUITests.xctest */,
			);
			name = Products;
			sourceTree = "<group>";
		};
/* End PBXGroup section */

/* Begin PBXNativeTarget section */
		5BBA95272E9440CD00C202F9 /* desktop_ios */ = {
			isa = PBXNativeTarget;
			buildConfigurationList = 5BBA954A2E9440CF00C202F9 /* Build configuration list for PBXNativeTarget "desktop_ios" */;
			buildPhases = (
				5BBA95242E9440CD00C202F9 /* Sources */,
				5BBA95252E9440CD00C202F9 /* Frameworks */,
				5BBA95262E9440CD00C202F9 /* Resources */,
			);
			buildRules = (
			);
			dependencies = (
			);
			fileSystemSynchronizedGroups = (
				5BBA952A2E9440CD00C202F9 /* desktop_ios */,
			);
			name = desktop_ios;
			packageProductDependencies = (
			);
			productName = desktop_ios;
			productReference = 5BBA95282E9440CD00C202F9 /* desktop_ios.app */;
			productType = "com.apple.product-type.application";
		};
		5BBA95352E9440CF00C202F9 /* desktop_iosTests */ = {
			isa = PBXNativeTarget;
			buildConfigurationList = 5BBA954D2E9440CF00C202F9 /* Build configuration list for PBXNativeTarget "desktop_iosTests" */;
			buildPhases = (
				5BBA95322E9440CF00C202F9 /* Sources */,
				5BBA95332E9440CF00C202F9 /* Frameworks */,
				5BBA95342E9440CF00C202F9 /* Resources */,
			);
			buildRules = (
			);
			dependencies = (
				5BBA95382E9440CF00C202F9 /* PBXTargetDependency */,
			);
			fileSystemSynchronizedGroups = (
				5BBA95392E9440CF00C202F9 /* desktop_iosTests */,
			);
			name = desktop_iosTests;
			packageProductDependencies = (
			);
			productName = desktop_iosTests;
			productReference = 5BBA95362E9440CF00C202F9 /* desktop_iosTests.xctest */;
			productType = "com.apple.product-type.bundle.unit-test";
		};
		5BBA953F2E9440CF00C202F9 /* desktop_iosUITests */ = {
			isa = PBXNativeTarget;
			buildConfigurationList = 5BBA95502E9440CF00C202F9 /* Build configuration list for PBXNativeTarget "desktop_iosUITests" */;
			buildPhases = (
				5BBA953C2E9440CF00C202F9 /* Sources */,
				5BBA953D2E9440CF00C202F9 /* Frameworks */,
				5BBA953E2E9440CF00C202F9 /* Resources */,
			);
			buildRules = (
			);
			dependencies = (
				5BBA95422E9440CF00C202F9 /* PBXTargetDependency */,
			);
			fileSystemSynchronizedGroups = (
				5BBA95432E9440CF00C202F9 /* desktop_iosUITests */,
			);
			name = desktop_iosUITests;
			packageProductDependencies = (
			);
			productName = desktop_iosUITests;
			productReference = 5BBA95402E9440CF00C202F9 /* desktop_iosUITests.xctest */;
			productType = "com.apple.product-type.bundle.ui-testing";
		};
/* End PBXNativeTarget section */

/* Begin PBXProject section */
		5BBA95202E9440CD00C202F9 /* Project object */ = {
			isa = PBXProject;
			attributes = {
				BuildIndependentTargetsInParallel = 1;
				LastSwiftUpdateCheck = 1640;
				LastUpgradeCheck = 1640;
				TargetAttributes = {
					5BBA95272E9440CD00C202F9 = {
						CreatedOnToolsVersion = 16.4;
					};
					5BBA95352E9440CF00C202F9 = {
						CreatedOnToolsVersion = 16.4;
						TestTargetID = 5BBA95272E9440CD00C202F9;
					};
					5BBA953F2E9440CF00C202F9 = {
						CreatedOnToolsVersion = 16.4;
						TestTargetID = 5BBA95272E9440CD00C202F9;
					};
				};
			};
			buildConfigurationList = 5BBA95232E9440CD00C202F9 /* Build configuration list for PBXProject "desktop_ios" */;
			developmentRegion = en;
			hasScannedForEncodings = 0;
			knownRegions = (
				en,
				Base,
			);
			mainGroup = 5BBA951F2E9440CD00C202F9;
			minimizedProjectReferenceProxies = 1;
			preferredProjectObjectVersion = 77;
			productRefGroup = 5BBA95292E9440CD00C202F9 /* Products */;
			projectDirPath = "";
			projectRoot = "";
			targets = (
				5BBA95272E9440CD00C202F9 /* desktop_ios */,
				5BBA95352E9440CF00C202F9 /* desktop_iosTests */,
				5BBA953F2E9440CF00C202F9 /* desktop_iosUITests */,
			);
		};
/* End PBXProject section */

/* Begin PBXResourcesBuildPhase section */
		5BBA95262E9440CD00C202F9 /* Resources */ = {
			isa = PBXResourcesBuildPhase;
			buildActionMask = 2147483647;
			files = (
			);
			runOnlyForDeploymentPostprocessing = 0;
		};
		5BBA95342E9440CF00C202F9 /* Resources */ = {
			isa = PBXResourcesBuildPhase;
			buildActionMask = 2147483647;
			files = (
			);
			runOnlyForDeploymentPostprocessing = 0;
		};
		5BBA953E2E9440CF00C202F9 /* Resources */ = {
			isa = PBXResourcesBuildPhase;
			buildActionMask = 2147483647;
			files = (
			);
			runOnlyForDeploymentPostprocessing = 0;
		};
/* End PBXResourcesBuildPhase section */

/* Begin PBXSourcesBuildPhase section */
		5BBA95242E9440CD00C202F9 /* Sources */ = {
			isa = PBXSourcesBuildPhase;
			buildActionMask = 2147483647;
			files = (
			);
			runOnlyForDeploymentPostprocessing = 0;
		};
		5BBA95322E9440CF00C202F9 /* Sources */ = {
			isa = PBXSourcesBuildPhase;
			buildActionMask = 2147483647;
			files = (
			);
			runOnlyForDeploymentPostprocessing = 0;
		};
		5BBA953C2E9440CF00C202F9 /* Sources */ = {
			isa = PBXSourcesBuildPhase;
			buildActionMask = 2147483647;
			files = (
			);
			runOnlyForDeploymentPostprocessing = 0;
		};
/* End PBXSourcesBuildPhase section */

/* Begin PBXTargetDependency section */
		5BBA95382E9440CF00C202F9 /* PBXTargetDependency */ = {
			isa = PBXTargetDependency;
			target = 5BBA95272E9440CD00C202F9 /* desktop_ios */;
			targetProxy = 5BBA95372E9440CF00C202F9 /* PBXContainerItemProxy */;
		};
		5BBA95422E9440CF00C202F9 /* PBXTargetDependency */ = {
			isa = PBXTargetDependency;
			target = 5BBA95272E9440CD00C202F9 /* desktop_ios */;
			targetProxy = 5BBA95412E9440CF00C202F9 /* PBXContainerItemProxy */;
		};
/* End PBXTargetDependency section */

/* Begin XCBuildConfiguration section */
		5BBA95482E9440CF00C202F9 /* Debug */ = {
			isa = XCBuildConfiguration;
			buildSettings = {
				ALWAYS_SEARCH_USER_PATHS = NO;
				ASSETCATALOG_COMPILER_GENERATE_SWIFT_ASSET_SYMBOL_EXTENSIONS = YES;
				CLANG_ANALYZER_NONNULL = YES;
				CLANG_ANALYZER_NUMBER_OBJECT_CONVERSION = YES_AGGRESSIVE;
				CLANG_CXX_LANGUAGE_STANDARD = "gnu++20";
				CLANG_ENABLE_MODULES = YES;
				CLANG_ENABLE_OBJC_ARC = YES;
				CLANG_ENABLE_OBJC_WEAK = YES;
				CLANG_WARN_BLOCK_CAPTURE_AUTORELEASING = YES;
				CLANG_WARN_BOOL_CONVERSION = YES;
				CLANG_WARN_COMMA = YES;
				CLANG_WARN_CONSTANT_CONVERSION = YES;
				CLANG_WARN_DEPRECATED_OBJC_IMPLEMENTATIONS = YES;
				CLANG_WARN_DIRECT_OBJC_ISA_USAGE = YES_ERROR;
				CLANG_WARN_DOCUMENTATION_COMMENTS = YES;
				CLANG_WARN_EMPTY_BODY = YES;
				CLANG_WARN_ENUM_CONVERSION = YES;
				CLANG_WARN_INFINITE_RECURSION = YES;
				CLANG_WARN_INT_CONVERSION = YES;
				CLANG_WARN_NON_LITERAL_NULL_CONVERSION = YES;
				CLANG_WARN_OBJC_IMPLICIT_RETAIN_SELF = YES;
				CLANG_WARN_OBJC_LITERAL_CONVERSION = YES;
				CLANG_WARN_OBJC_ROOT_CLASS = YES_ERROR;
				CLANG_WARN_QUOTED_INCLUDE_IN_FRAMEWORK_HEADER = YES;
				CLANG_WARN_RANGE_LOOP_ANALYSIS = YES;
				CLANG_WARN_STRICT_PROTOTYPES = YES;
				CLANG_WARN_SUSPICIOUS_MOVE = YES;
				CLANG_WARN_UNGUARDED_AVAILABILITY = YES_AGGRESSIVE;
				CLANG_WARN_UNREACHABLE_CODE = YES;
				CLANG_WARN__DUPLICATE_METHOD_MATCH = YES;
				COPY_PHASE_STRIP = NO;
				DEBUG_INFORMATION_FORMAT = dwarf;
				ENABLE_STRICT_OBJC_MSGSEND = YES;
				ENABLE_TESTABILITY = YES;
				ENABLE_USER_SCRIPT_SANDBOXING = YES;
				GCC_C_LANGUAGE_STANDARD = gnu17;
				GCC_DYNAMIC_NO_PIC = NO;
				GCC_NO_COMMON_BLOCKS = YES;
				GCC_OPTIMIZATION_LEVEL = 0;
				GCC_PREPROCESSOR_DEFINITIONS = (
					"DEBUG=1",
					"$(inherited)",
				);
				GCC_WARN_64_TO_32_BIT_CONVERSION = YES;
				GCC_WARN_ABOUT_RETURN_TYPE = YES_ERROR;
				GCC_WARN_UNDECLARED_SELECTOR = YES;
				GCC_WARN_UNINITIALIZED_AUTOS = YES_AGGRESSIVE;
				GCC_WARN_UNUSED_FUNCTION = YES;
				GCC_WARN_UNUSED_VARIABLE = YES;
				LOCALIZATION_PREFERS_STRING_CATALOGS = YES;
				MACOSX_DEPLOYMENT_TARGET = 15.5;
				MTL_ENABLE_DEBUG_INFO = INCLUDE_SOURCE;
				MTL_FAST_MATH = YES;
				ONLY_ACTIVE_ARCH = YES;
				SDKROOT = macosx;
				SWIFT_ACTIVE_COMPILATION_CONDITIONS = "DEBUG $(inherited)";
				SWIFT_OPTIMIZATION_LEVEL = "-Onone";
			};
			name = Debug;
		};
		5BBA95492E9440CF00C202F9 /* Release */ = {
			isa = XCBuildConfiguration;
			buildSettings = {
				ALWAYS_SEARCH_USER_PATHS = NO;
				ASSETCATALOG_COMPILER_GENERATE_SWIFT_ASSET_SYMBOL_EXTENSIONS = YES;
				CLANG_ANALYZER_NONNULL = YES;
				CLANG_ANALYZER_NUMBER_OBJECT_CONVERSION = YES_AGGRESSIVE;
				CLANG_CXX_LANGUAGE_STANDARD = "gnu++20";
				CLANG_ENABLE_MODULES = YES;
				CLANG_ENABLE_OBJC_ARC = YES;
				CLANG_ENABLE_OBJC_WEAK = YES;
				CLANG_WARN_BLOCK_CAPTURE_AUTORELEASING = YES;
				CLANG_WARN_BOOL_CONVERSION = YES;
				CLANG_WARN_COMMA = YES;
				CLANG_WARN_CONSTANT_CONVERSION = YES;
				CLANG_WARN_DEPRECATED_OBJC_IMPLEMENTATIONS = YES;
				CLANG_WARN_DIRECT_OBJC_ISA_USAGE = YES_ERROR;
				CLANG_WARN_DOCUMENTATION_COMMENTS = YES;
				CLANG_WARN_EMPTY_BODY = YES;
				CLANG_WARN_ENUM_CONVERSION = YES;
				CLANG_WARN_INFINITE_RECURSION = YES;
				CLANG_WARN_INT_CONVERSION = YES;
				CLANG_WARN_NON_LITERAL_NULL_CONVERSION = YES;
				CLANG_WARN_OBJC_IMPLICIT_RETAIN_SELF = YES;
				CLANG_WARN_OBJC_LITERAL_CONVERSION = YES;
				CLANG_WARN_OBJC_ROOT_CLASS = YES_ERROR;
				CLANG_WARN_QUOTED_INCLUDE_IN_FRAMEWORK_HEADER = YES;
				CLANG_WARN_RANGE_LOOP_ANALYSIS = YES;
				CLANG_WARN_STRICT_PROTOTYPES = YES;
				CLANG_WARN_SUSPICIOUS_MOVE = YES;
				CLANG_WARN_UNGUARDED_AVAILABILITY = YES_AGGRESSIVE;
				CLANG_WARN_UNREACHABLE_CODE = YES;
				CLANG_WARN__DUPLICATE_METHOD_MATCH = YES;
				COPY_PHASE_STRIP = NO;
				DEBUG_INFORMATION_FORMAT = "dwarf-with-dsym";
				ENABLE_NS_ASSERTIONS = NO;
				ENABLE_STRICT_OBJC_MSGSEND = YES;
				ENABLE_USER_SCRIPT_SANDBOXING = YES;
				GCC_C_LANGUAGE_STANDARD = gnu17;
				GCC_NO_COMMON_BLOCKS = YES;
				GCC_WARN_64_TO_32_BIT_CONVERSION = YES;
				GCC_WARN_ABOUT_RETURN_TYPE = YES_ERROR;
				GCC_WARN_UNDECLARED_SELECTOR = YES;
				GCC_WARN_UNINITIALIZED_AUTOS = YES_AGGRESSIVE;
				GCC_WARN_UNUSED_FUNCTION = YES;
				GCC_WARN_UNUSED_VARIABLE = YES;
				LOCALIZATION_PREFERS_STRING_CATALOGS = YES;
				MACOSX_DEPLOYMENT_TARGET = 15.5;
				MTL_ENABLE_DEBUG_INFO = NO;
				MTL_FAST_MATH = YES;
				SDKROOT = macosx;
				SWIFT_COMPILATION_MODE = wholemodule;
			};
			name = Release;
		};
		5BBA954B2E9440CF00C202F9 /* Debug */ = {
			isa = XCBuildConfiguration;
			buildSettings = {
				ASSETCATALOG_COMPILER_APPICON_NAME = AppIcon;
				ASSETCATALOG_COMPILER_GLOBAL_ACCENT_COLOR_NAME = AccentColor;
				CODE_SIGN_ENTITLEMENTS = desktop_ios/desktop_ios.entitlements;
				CODE_SIGN_STYLE = Automatic;
				COMBINE_HIDPI_IMAGES = YES;
				CURRENT_PROJECT_VERSION = 1;
				ENABLE_PREVIEWS = YES;
				GENERATE_INFOPLIST_FILE = YES;
				INFOPLIST_KEY_NSHumanReadableCopyright = "";
				LD_RUNPATH_SEARCH_PATHS = (
					"$(inherited)",
					"@executable_path/../Frameworks",
				);
				MARKETING_VERSION = 1.0;
				PRODUCT_BUNDLE_IDENTIFIER = "aboba.desktop-ios";
				PRODUCT_NAME = "$(TARGET_NAME)";
				REGISTER_APP_GROUPS = YES;
				SWIFT_EMIT_LOC_STRINGS = YES;
				SWIFT_VERSION = 5.0;
			};
			name = Debug;
		};
		5BBA954C2E9440CF00C202F9 /* Release */ = {
			isa = XCBuildConfiguration;
			buildSettings = {
				ASSETCATALOG_COMPILER_APPICON_NAME = AppIcon;
				ASSETCATALOG_COMPILER_GLOBAL_ACCENT_COLOR_NAME = AccentColor;
				CODE_SIGN_ENTITLEMENTS = desktop_ios/desktop_ios.entitlements;
				CODE_SIGN_STYLE = Automatic;
				COMBINE_HIDPI_IMAGES = YES;
				CURRENT_PROJECT_VERSION = 1;
				ENABLE_PREVIEWS = YES;
				GENERATE_INFOPLIST_FILE = YES;
				INFOPLIST_KEY_NSHumanReadableCopyright = "";
				LD_RUNPATH_SEARCH_PATHS = (
					"$(inherited)",
					"@executable_path/../Frameworks",
				);
				MARKETING_VERSION = 1.0;
				PRODUCT_BUNDLE_IDENTIFIER = "aboba.desktop-ios";
				PRODUCT_NAME = "$(TARGET_NAME)";
				REGISTER_APP_GROUPS = YES;
				SWIFT_EMIT_LOC_STRINGS = YES;
				SWIFT_VERSION = 5.0;
			};
			name = Release;
		};
		5BBA954E2E9440CF00C202F9 /* Debug */ = {
			isa = XCBuildConfiguration;
			buildSettings = {
				BUNDLE_LOADER = "$(TEST_HOST)";
				CODE_SIGN_STYLE = Automatic;
				CURRENT_PROJECT_VERSION = 1;
				GENERATE_INFOPLIST_FILE = YES;
				MACOSX_DEPLOYMENT_TARGET = 15.5;
				MARKETING_VERSION = 1.0;
				PRODUCT_BUNDLE_IDENTIFIER = "aboba.desktop-iosTests";
				PRODUCT_NAME = "$(TARGET_NAME)";
				SWIFT_EMIT_LOC_STRINGS = NO;
				SWIFT_VERSION = 5.0;
				TEST_HOST = "$(BUILT_PRODUCTS_DIR)/desktop_ios.app/$(BUNDLE_EXECUTABLE_FOLDER_PATH)/desktop_ios";
			};
			name = Debug;
		};
		5BBA954F2E9440CF00C202F9 /* Release */ = {
			isa = XCBuildConfiguration;
			buildSettings = {
				BUNDLE_LOADER = "$(TEST_HOST)";
				CODE_SIGN_STYLE = Automatic;
				CURRENT_PROJECT_VERSION = 1;
				GENERATE_INFOPLIST_FILE = YES;
				MACOSX_DEPLOYMENT_TARGET = 15.5;
				MARKETING_VERSION = 1.0;
				PRODUCT_BUNDLE_IDENTIFIER = "aboba.desktop-iosTests";
				PRODUCT_NAME = "$(TARGET_NAME)";
				SWIFT_EMIT_LOC_STRINGS = NO;
				SWIFT_VERSION = 5.0;
				TEST_HOST = "$(BUILT_PRODUCTS_DIR)/desktop_ios.app/$(BUNDLE_EXECUTABLE_FOLDER_PATH)/desktop_ios";
			};
			name = Release;
		};
		5BBA95512E9440CF00C202F9 /* Debug */ = {
			isa = XCBuildConfiguration;
			buildSettings = {
				CODE_SIGN_STYLE = Automatic;
				CURRENT_PROJECT_VERSION = 1;
				GENERATE_INFOPLIST_FILE = YES;
				MARKETING_VERSION = 1.0;
				PRODUCT_BUNDLE_IDENTIFIER = "aboba.desktop-iosUITests";
				PRODUCT_NAME = "$(TARGET_NAME)";
				SWIFT_EMIT_LOC_STRINGS = NO;
				SWIFT_VERSION = 5.0;
				TEST_TARGET_NAME = desktop_ios;
			};
			name = Debug;
		};
		5BBA95522E9440CF00C202F9 /* Release */ = {
			isa = XCBuildConfiguration;
			buildSettings = {
				CODE_SIGN_STYLE = Automatic;
				CURRENT_PROJECT_VERSION = 1;
				GENERATE_INFOPLIST_FILE = YES;
				MARKETING_VERSION = 1.0;
				PRODUCT_BUNDLE_IDENTIFIER = "aboba.desktop-iosUITests";
				PRODUCT_NAME = "$(TARGET_NAME)";
				SWIFT_EMIT_LOC_STRINGS = NO;
				SWIFT_VERSION = 5.0;
				TEST_TARGET_NAME = desktop_ios;
			};
			name = Release;
		};
/* End XCBuildConfiguration section */

/* Begin XCConfigurationList section */
		5BBA95232E9440CD00C202F9 /* Build configuration list for PBXProject "desktop_ios" */ = {
			isa = XCConfigurationList;
			buildConfigurations = (
				5BBA95482E9440CF00C202F9 /* Debug */,
				5BBA95492E9440CF00C202F9 /* Release */,
			);
			defaultConfigurationIsVisible = 0;
			defaultConfigurationName = Release;
		};
		5BBA954A2E9440CF00C202F9 /* Build configuration list for PBXNativeTarget "desktop_ios" */ = {
			isa = XCConfigurationList;
			buildConfigurations = (
				5BBA954B2E9440CF00C202F9 /* Debug */,
				5BBA954C2E9440CF00C202F9 /* Release */,
			);
			defaultConfigurationIsVisible = 0;
			defaultConfigurationName = Release;
		};
		5BBA954D2E9440CF00C202F9 /* Build configuration list for PBXNativeTarget "desktop_iosTests" */ = {
			isa = XCConfigurationList;
			buildConfigurations = (
				5BBA954E2E9440CF00C202F9 /* Debug */,
				5BBA954F2E9440CF00C202F9 /* Release */,
			);
			defaultConfigurationIsVisible = 0;
			defaultConfigurationName = Release;
		};
		5BBA95502E9440CF00C202F9 /* Build configuration list for PBXNativeTarget "desktop_iosUITests" */ = {
			isa = XCConfigurationList;
			buildConfigurations = (
				5BBA95512E9440CF00C202F9 /* Debug */,
				5BBA95522E9440CF00C202F9 /* Release */,
			);
			defaultConfigurationIsVisible = 0;
			defaultConfigurationName = Release;
		};
/* End XCConfigurationList section */
	};
	rootObject = 5BBA95202E9440CD00C202F9 /* Project object */;
}
